{
  "name": "bravos-tipping-app",
  "version": "1.0.0",
  "lockfileVersion": 2,
  "requires": true,
  "packages": {
    "": {
      "name": "bravos-tipping-app",
      "version": "1.0.0",
      "license": "ISC",
      "dependencies": {
        "express": "^4.19.2"
      },
      "devDependencies": {
        "@types/react": "^18.3.3",
        "@types/react-dom": "^18.3.0"
      },
      "engines": {
        "node": "18.x"
      }
    },
    "node_modules/@types/prop-types": {
      "version": "15.7.12",
      "resolved": "https://registry.npmjs.org/@types/prop-types/-/prop-types-15.7.12.tgz",
      "integrity": "sha512-5zvhXYS3icfXQnFSVqK0IVc1Q88sw9f3c85cndPZ3S10rInGObP92lv8EKc8+gR1j2vB+8T2M3gE8B9z2w145A==",
      "dev": true,
      "license": "MIT"
    },
    "node_modules/@types/react": {
      "version": "18.3.3",
      "resolved": "https://registry.npmjs.org/@types/react/-/react-18.3.3.tgz",
      "integrity": "sha512-hti/R0pS0q1/xx+TsI73XIqk26eIAMPG3ZSpYwC2q+_kYsB2pA1o0T7G+2sQ2b8O3KWYqO/PEt/Ff2KziU0r7w==",
      "dev": true,
      "license": "MIT",
      "dependencies": {
        "@types/prop-types": "*",
        "csstype": "^3.0.2"
      }
    },
    "node_modules/@types/react-dom": {
      "version": "18.3.0",
      "resolved": "https://registry.npmjs.org/@types/react-dom/-/react-dom-18.3.0.tgz",
      "integrity": "sha512-EhwApuTmMBm5sE/Lp9fP1AdwG1Dks3iDFpWobBfBCbV2d0iN7EVigb/f8wBmM6Ea32gE2x5G+dDUS4iFw3d2sA==",
      "dev": true,
      "license": "MIT",
      "dependencies": {
        "@types/react": "*"
      }
    },
    "node_modules/accepts": {
      "version": "1.3.8",
      "resolved": "https://registry.npmjs.org/accepts/-/accepts-1.3.8.tgz",
      "integrity": "sha512-PYAthTa2m2VKxuvSD3DPC/Gy+U+sOA1LAuT8mkmRuvw+NACSaeXEQ+NHcVF7rONl6soaxNKJVdgaGzE9bWcrUg==",
      "license": "MIT",
      "dependencies": {
        "mime-types": "~2.1.34",
        "negotiator": "0.6.3"
      },
      "engines": {
        "node": ">= 0.6"
      }
    },
    "node_modules/array-flatten": {
      "version": "1.1.1",
      "resolved": "https://registry.npmjs.org/array-flatten/-/array-flatten-1.1.1.tgz",
      "integrity": "sha512-PCVAQswWemu6UdxsDFFX/+gVeYqKAod3D3AbeZfl/prGPh0iWUdnOefc2flD9YqGTT8gn+c1PXfk kufcE4J99w==",
      "license": "MIT"
    },
    "node_modules/body-parser": {
      "version": "1.20.2",
      "resolved": "https://registry.npmjs.org/body-parser/-/body-parser-1.20.2.tgz",
      "integrity": "sha512-ml9pReCu3M61kGlqoCo2MmTRtoEDAb7t9vFVYENgzLP_sog5X1d2bI7afe+7VXBfG29+bA1TizPm9B3iFr65EA==",
      "license": "MIT",
      "dependencies": {
        "bytes": "3.1.2",
        "content-type": "~1.0.5",
        "debug": "2.6.9",
        "depd": "2.0.0",
        "destroy": "1.2.0",
        "http-errors": "2.0.0",
        "iconv-lite": "0.4.24",
        "on-finished": "2.4.1",
        "qs": "6.11.0",
        "raw-body": "2.5.2",
        "type-is": "~1.6.18",
        "unpipe": "1.0.0"
      },
      "engines": {
        "node": ">= 0.8",
        "npm": "1.2.8000"
      }
    },
    "node_modules/bytes": {
      "version": "3.1.2",
      "resolved": "https://registry.npmjs.org/bytes/-/bytes-3.1.2.tgz",
      "integrity": "sha512-/Nf7Tyzflm0WifBvthYCoZhtKakg9fFAN6DQcXaiNv9wBHjTC2EaB5tASaJhan2l9v3ntRNv318A+SPaH3UK6w==",
      "license": "MIT",
      "engines": {
        "node": ">= 0.8"
      }
    },
    "node_modules/call-bind": {
      "version": "1.0.7",
      "resolved": "https://registry.npmjs.org/call-bind/-/call-bind-1.0.7.tgz",
      "integrity": "sha512-GHTSNSY0ubZ3to1sqY2D2C3+3T4f+GvfaJ2nHeI3s3FqEBvTlpI2oGzV5/O6u1n8L4qYyE3M/6yis1I4Gerpjw==",
      "license": "MIT",
      "dependencies": {
        "function-bind": "^1.1.2",
        "get-intrinsic": "^1.2.4"
      },
      "funding": {
        "url": "https://github.com/sponsors/ljharb"
      }
    },
    "node_modules/content-disposition": {
      "version": "0.5.4",
      "resolved": "https://registry.npmjs.org/content-disposition/-/content-disposition-0.5.4.tgz",
      "integrity": "sha512-FveZTNuGw04cTCuswDoMtvzmbdbbM9roLkOEdO7nLycHoej_gPdjIFarc+B4ayU4Lx0V+_kNd+nhGQvUK7oDbw==",
      "license": "MIT",
      "dependencies": {
        "safe-buffer": "5.2.1"
      },
      "engines": {
        "node": ">= 0.6"
      }
    },
    "node_modules/content-type": {
      "version": "1.0.5",
      "resolved": "https://registry.npmjs.org/content-type/-/content-type-1.0.5.tgz",
      "integrity": "sha512-nTjqfcBFEipKdXCv4YDQVEul物理/0ClQAY0dRvSdsR9horozH+TGYJnNAcT0G/NUG3l3XAlYO2y2eLKTCH9eYg==",
      "license": "MIT",
      "engines": {
        "node": ">= 0.6"
      }
    },
    "node_modules/cookie": {
      "version": "0.6.0",
      "resolved": "https://registry.npmjs.org/cookie/-/cookie-0.6.0.tgz",
      "integrity": "sha512-s+5lEv718/h+T+0s23R2Q2l3BqS3g9D5nAC4i2iLw5eXyT2i+hLd7V2sH/6cnH2x5NJ1/YAb8/0w3g==",
      "license": "MIT",
      "engines": {
        "node": ">= 0.6"
      }
    },
    "node_modules/cookie-signature": {
      "version": "1.0.6",
      "resolved": "https://registry.npmjs.org/cookie-signature/-/cookie-signature-1.0.6.tgz",
      "integrity": "sha512-QADzlaHc8icV8I7vbaJXJwod9HWYp8uCqf1xa4OfNu1T7JVxQIrUg3aVB3LIsZkoqYyX4Wcp2Q1OaC4i1+GUmw==",
      "license": "MIT"
    },
    "node_modules/csstype": {
      "version": "3.1.3",
      "resolved": "https://registry.npmjs.org/csstype/-/csstype-3.1.3.tgz",
      "integrity": "sha512-M1uQkMl8rQK/szD0LNhtqxIPLzpkHMy84dondWdwsUpyyfuJro2qrMo7zQBN/SqsIbA2wBI6p3NUlBds+M+cZw==",
      "dev": true,
      "license": "MIT"
    },
    "node_modules/debug": {
      "version": "2.6.9",
      "resolved": "https://registry.npmjs.org/debug/-/debug-2.6.9.tgz",
      "integrity": "sha512-bC7ElrdJaJnPbAP+1E4gpvoOJaAeoFHUn_JoIljpOLdlcDL9lPyGv3oL5Y262JLnBdiv/IneteAAiOyUrhtscw==",
      "license": "MIT",
      "dependencies": {
        "ms": "2.0.0"
      }
    },
    "node_modules/define-data-property": {
      "version": "1.1.4",
      "resolved": "https://registry.npmjs.org/define-data-property/-/define-data-property-1.1.4.tgz",
      "integrity": "sha512-rLPcOb5v33H3V8vA+m/9m2F+8f02FNW+R2tQVp2Jz9n2mHjKlJ0S+3G0eYx5pe3w4Eseke8fM1iS1r0e+h/yBw==",
      "license": "MIT",
      "dependencies": {
        "get-intrinsic": "^1.2.4",
        "has-property-descriptors": "^1.0.2"
      },
      "engines": {
        "node": ">= 0.4"
      },
      "funding": {
        "url": "https://github.com/sponsors/ljharb"
      }
    },
    "node_modules/depd": {
      "version": "2.0.0",
      "resolved": "https://registry.npmjs.org/depd/-/depd-2.0.0.tgz",
      "integrity": "sha512-g7nH6P6dyDioJogAAGprGpCtVImJhpPk/decC6cpG0aN4xRYoaTSPFx0rH+gnQrsBFfJ5AlV3ayYxSsoAxKF9g==",
      "license": "MIT",
      "engines": {
        "node": ">= 0.8"
      }
    },
    "node_modules/destroy": {
      "version": "1.2.0",
      "resolved": "https://registry.npmjs.org/destroy/-/destroy-1.2.0.tgz",
      "integrity": "sha512-2sJGJ+2YroIcfhT90K2jSpKfbhHHJ2TL8QZgK8VubN/KkEiVtt2s/ZaA8+lT2NJi+TE9oBOKa2YAPL0J+T22Mw==",
      "license": "MIT",
      "engines": {
        "node": ">= 0.8",
        "npm": "1.2.8000"
      }
    },
    "node_modules/ee-first": {
      "version": "1.1.1",
      "resolved": "https://registry.npmjs.org/ee-first/-/ee-first-1.1.1.tgz",
      "integrity": "sha512-M1MmpNCIJv1ab0tY8zb5OgPxhYRZENrO0SKysNlCglZPod0ZH/NIZB0ESsWjNMPEZLDltT1/xe5IpakisdlaAQ==",
      "license": "MIT"
    },
    "node_modules/encodeurl": {
      "version": "1.0.2",
      "resolved": "https://registry.npmjs.org/encodeurl/-/encodeurl-1.0.2.tgz",
      "integrity": "sha512-TP_VERKffJNyo9yTj8t2J9jQsL7I5c2TIO2IcmzZ4PjBlj0sa8pZfrQCbI3Y7nUblL1AwstGr1T18zdsi+vM3g==",
      "license": "MIT",
      "engines": {
        "node": ">= 0.8"
      }
    },
    "node_modules/es-define-property": {
      "version": "1.0.0",
      "resolved": "https://registry.npmjs.org/es-define-property/-/es-define-property-1.0.0.tgz",
      "integrity": "sha512-U2hC03ignzy49vHF3/T0+MhCgLgpf3l2S84/e02cTEdD6C1KBTsThCH6n+B+e8vjN6sSReyuE4w1YVIsKzL88w==",
      "license": "MIT",
      "dependencies": {
        "get-intrinsic": "^1.2.4"
      },
      "funding": {
        "url": "https://github.com/sponsors/ljharb"
      }
    },
    "node_modules/es-errors": {
      "version": "1.3.0",
      "resolved": "https://registry.npmjs.org/es-errors/-/es-errors-1.3.0.tgz",
      "integrity": "sha512-HAsPK5EXi60FRKkG3gYy3i+YM3FYsi0hB+6VfBReoYjSBUgYhC97dIbW0wVvEDOcB2GgqV3x2yPVqAhk+Ew4Xg==",
      "license": "MIT",
      "engines": {
        "node": ">= 0.4"
      }
    },
    "node_modules/escape-html": {
      "version": "1.0.3",
      "resolved": "https://registry.npmjs.org/escape-html/-/escape-html-1.0.3.tgz",
      "integrity": "sha512-NiSupZ4O6OFbplG1zLwDLoFQmbp3xIeM/lMAsvE21ZkL2vtAmsYj2O2wPZpeqXT7oVBr/H8xMk1roqADKz4ztQ==",
      "license": "MIT"
    },
    "node_modules/etag": {
      "version": "1.8.1",
      "resolved": "https://registry.npmjs.org/etag/-/etag-1.8.1.tgz",
      "integrity": "sha512-aCHLwjEORlxVeDuXNK5ESzEQyAvM4SuaoADgLwL7qB5tGnw/Ibs2wI3+zTAHYECdEmai2XG2B3xEa/e1dGoiHQ==",
      "license": "MIT",
      "engines": {
        "node": ">= 0.6"
      }
    },
    "node_modules/express": {
      "version": "4.19.2",
      "resolved": "https://registry.npmjs.org/express/-/express-4.19.2.tgz",
      "integrity": "sha512-5/wJj9xV3v2iB130iVl0PSnb5pMStCUj6GOL5X0tG3sM2E4flMpu6L26j2t2faq2N24jLd3o+IB1JpIe9e+DMA==",
      "license": "MIT",
      "dependencies": {
        "accepts": "~1.3.8",
        "array-flatten": "1.1.1",
        "body-parser": "1.20.2",
        "content-disposition": "0.5.4",
        "content-type": "~1.0.4",
        "cookie": "0.6.0",
        "cookie-signature": "1.0.6",
        "debug": "2.6.9",
        "depd": "2.0.0",
        "encodeurl": "~1.0.2",
        "escape-html": "~1.0.3",
        "etag": "~1.8.1",
        "finalhandler": "1.2.0",
        "fresh": "0.5.2",
        "merge-descriptors": "1.0.1",
        "methods": "~1.1.2",
        "on-finished": "2.4.1",
        "parseurl": "~1.3.3",
        "path-to-regexp": "0.1.7",
        "proxy-addr": "~2.0.7",
        "qs": "6.11.0",
        "range-parser": "~1.2.1",
        "safe-buffer": "5.2.1",
        "send": "0.18.0",
        "serve-static": "1.15.0",
        "setprototypeof": "1.2.0",
        "statuses": "2.0.1",
        "type-is": "~1.6.18",
        "utils-flatten": "1.0.1",
        "vary": "~1.1.2"
      },
      "engines": {
        "node": ">= 0.10.0"
      }
    },
    "node_modules/finalhandler": {
      "version": "1.2.0",
      "resolved": "https://registry.npmjs.org/finalhandler/-/finalhandler-1.2.0.tgz",
      "integrity": "sha512-5uXcUVftlQjbYKba6jAbIPSrMAbGqj0AM5SS4s3QKyLhYsoSXoLeheHYzTwPENIPDjWp2wISqRxX+bcalAiiDg==",
      "license": "MIT",
      "dependencies": {
        "debug": "2.6.9",
        "encodeurl": "~1.0.2",
        "escape-html": "~1.0.3",
        "on-finished": "2.4.1",
        "parseurl": "~1.3.3",
        "statuses": "2.0.1",
        "unpipe": "~1.0.0"
      },
      "engines": {
        "node": ">= 0.8"
      }
    },
    "node_modules/forwarded": {
      "version": "0.2.0",
      "resolved": "https://registry.npmjs.org/forwarded/-/forwarded-0.2.0.tgz",
      "integrity": "sha512-buRG0fpk3B3SNzgyA7U/AdxaEv2PAUAhMwvWE/gI3cKChS8pc8JvR40Zou4Jj7essK6JqLrgAK5wJkPecXLgA==",
      "license": "MIT",
      "engines": {
        "node": ">= 0.6"
      }
    },
    "node_modules/fresh": {
      "version": "0.5.2",
      "resolved": "https://registry.npmjs.org/fresh/-/fresh-0.5.2.tgz",
      "integrity": "sha512-zJ2mQYM18rEFOpchP4kHqOADmLMDrfP8wS2ag1ZInhTU3IcvAxdKqO/Heq2mgfL/SL4hdQ1HqMNsIwvEnLqW9g==",
      "license": "MIT",
      "engines": {
        "node": ">= 0.6"
      }
    },
    "node_modules/function-bind": {
      "version": "1.1.2",
      "resolved": "https://registry.npmjs.org/function-bind/-/function-bind-1.1.2.tgz",
      "integrity": "sha512-7XHNxH7qX9xG5mI36w4JjUflrp3lNlbeZJ5rS51fTurhTUpQz/FpGNWzu4wc+oJ1QfGe/k+o1l2SjR+j3W2pXA==",
      "license": "MIT",
      "funding": {
        "url": "https://github.com/sponsors/ljharb"
      }
    },
    "node_modules/get-intrinsic": {
      "version": "1.2.4",
      "resolved": "https://registry.npmjs.org/get-intrinsic/-/get-intrinsic-1.2.4.tgz",
      "integrity": "sha512-dG3qkcfgSPMev+Tma8yL3go193dX+goe3XJApRu0k66uD42qd9+hYgDepvrQcbQEVpXj9KMvIIbB/v+cM1s13A==",
      "license": "MIT",
      "dependencies": {
        "es-errors": "^1.3.0",
        "function-bind": "^1.1.2",
        "has-property-descriptors": "^1.0.2",
        "has-proto": "^1.0.3",
        "has-symbols": "^1.0.3"
      },
      "funding": {
        "url": "https://github.com/sponsors/ljharb"
      }
    },
    "node_modules/gopd": {
      "version": "1.0.1",
      "resolved": "https://registry.npmjs.org/gopd/-/gopd-1.0.1.tgz",
      "integrity": "sha512-d6xYOKeVeIuDwB3GG32i22aJgCx89i2aJt1zL3pLwQ9h2y3iIe2gI/Tz13rAcJA5Wx3wtViC3g32tFFaVwT3g==",
      "license": "MIT",
      "dependencies": {
        "get-intrinsic": "^1.1.3"
      },
      "funding": {
        "url": "https://github.com/sponsors/ljharb"
      }
    },
    "node_modules/has-property-descriptors": {
      "version": "1.0.2",
      "resolved": "https://registry.npmjs.org/has-property-descriptors/-/has-property-descriptors-1.0.2.tgz",
      "integrity": "sha512-555vsK0ufD8fALnZ7oD0z34a3s9x1aD0d5IStmKzN2x+4e55g6g02y1sOaLo1k2vsIty7P1ifOQEiTe59w9+g==",
      "license": "MIT",
      "dependencies": {
        "es-define-property": "^1.0.0"
      },
      "funding": {
        "url": "https://github.com/sponsors/ljharb"
      }
    },
    "node_modules/has-proto": {
      "version": "1.0.3",
      "resolved": "https://registry.npmjs.org/has-proto/-/has-proto-1.0.3.tgz",
      "integrity": "sha512-YIhas2EC1jpPnpW3sEXJXXoPgdqdYyT3hEphT41eS/7w+cSBASG8+S44nkwlT+1SVY2n9u9gK8xG5pM7f3gJOQ==",
      "license": "MIT",
      "engines": {
        "node": ">= 0.4"
      },
      "funding": {
        "url": "https://github.com/sponsors/ljharb"
      }
    },
    "node_modules/has-symbols": {
      "version": "1.0.3",
      "resolved": "https://registry.npmjs.org/has-symbols/-/has-symbols-1.0.3.tgz",
      "integrity": "sha512-l3LCuF6NIIaT1YlCoveygdtkpc3YvW8kFe22aX5bH2bA4GwbM4iFvNziy3sRilp2NviInaK68ssKhrHl6k3uEw==",
      "license": "MIT",
      "engines": {
        "node": ">= 0.4"
      },
      "funding": {
        "url": "https://github.com/sponsors/ljharb"
      }
    },
    "node_modules/hasown": {
      "version": "2.0.2",
      "resolved": "https://registry.npmjs.org/hasown/-/hasown-2.0.2.tgz",
      "integrity": "sha512-0hAl6IZy3PhkI/1n3AUz1g2pvwkA8h0iI1ASv96yXn2wT3+2aB7CqqyQk3vVl8kQd5G1LCSqr2JTna+3+wLpRA==",
      "license": "MIT",
      "dependencies": {
        "function-bind": "^1.1.2"
      },
      "engines": {
        "node": ">= 0.4"
      }
    },
    "node_modules/http-errors": {
      "version": "2.0.0",
      "resolved": "https://registry.npmjs.org/http-errors/-/http-errors-2.0.0.tgz",
      "integrity": "sha512-FtwrG/euBzaEjYeNbOghctjF6f95UOcvil6O+p9PldrmKOLFdviLp3R_5vsytH/NOuvL7zIYswRepBbc9EDrSA==",
      "license": "MIT",
      "dependencies": {
        "depd": "2.0.0",
        "inherits": "2.0.4",
        "setprototypeof": "1.2.0",
        "statuses": "2.0.1",
        "toidentifier": "1.0.1"
      },
      "engines": {
        "node": ">= 0.8"
      }
    },
    "node_modules/iconv-lite": {
      "version": "0.4.24",
      "resolved": "https://registry.npmjs.org/iconv-lite/-/iconv-lite-0.4.24.tgz",
      "integrity": "sha512-v3MXnZAcvnywkADNpt1_DdGprNstSSbT1YBgZTuucXoqcAdM_ktlhuBejBkD42IFpe İl2ZSD5SHxGZk7A6snhw==",
      "license": "MIT",
      "dependencies": {
        "safer-buffer": ">= 2.1.2 < 3"
      },
      "engines": {
        "node": ">=0.10.0"
      }
    },
    "node_modules/inherits": {
      "version": "2.0.4",
      "resolved": "https://registry.npmjs.org/inherits/-/inherits-2.0.4.tgz",
      "integrity": "sha512-k/vGaX4/Yla3Wb6DbkHckGAuZwClCr+dJKimperNbQL2IMxkk5im2iADgvsBP9AGbbss1oeo9Shss4RIU/XDaAg==",
      "license": "ISC"
    },
    "node_modules/ipaddr.js": {
      "version": "1.9.1",
      "resolved": "https://registry.npmjs.org/ipaddr.js/-/ipaddr.js-1.9.1.tgz",
      "integrity": "sha512-0KI/607xoxSToH7GjN1FfSbLoU0+btTicjsQSWQvep+4G2P7LwsQmmwYCaDWws2Bqbi3Vl7DSYgrirUue9PWVA==",
      "license": "MIT",
      "engines": {
        "node": ">= 0.10"
      }
    },
    "node_modules/media-typer": {
      "version": "0.3.0",
      "resolved": "https://registry.npmjs.org/media-typer/-/media-typer-0.3.0.tgz",
      "integrity": "sha512-dq+qel2yAnL9c/8e03a9T2uJd2pA71e0tjsO8M9naK2a+O05hUZWbUGKzvtEBgpeP2eT5QixkaI+jM34evY6w==",
      "license": "MIT",
      "engines": {
        "node": ">= 0.6"
      }
    },
    "node_modules/merge-descriptors": {
      "version": "1.0.1",
      "resolved": "https://registry.npmjs.org/merge-descriptors/-/merge-descriptors-1.0.1.tgz",
      "integrity": "sha512-cCi6g3/Zr1iqQi6ySbseM1Xvooa98N0w31jzUYrXPX2xqObmF8+keSJDPVl3II/GzuSyRadSoIpTFn3S2SrUBA==",
      "license": "MIT"
    },
    "node_modules/methods": {
      "version": "1.1.2",
      "resolved": "https://registry.npmjs.org/methods/-/methods-1.1.2.tgz",
      "integrity": "sha512-iclAHeNqxpucG3Lba64+42edaCMHfv/G3ZdUPCr2USyEshS2anD+sM6i+rI+O+2S2oOBR2zJdG/7bIFbTvsbOQ==",
      "license": "MIT",
      "engines": {
        "node": ">= 0.6"
      }
    },
    "node_modules/mime": {
      "version": "1.6.0",
      "resolved": "https://registry.npmjs.org/mime/-/mime-1.6.0.tgz",
      "integrity": "sha512-x0Vn8spI+wuJ1OaudocbFukRdc4yp9doKqLhOD5sW5GjMhMO/TALHEDL7RvNkw2olpBOFdmEqAUe9uneBOVKaA==",
      "license": "MIT",
      "engines": {
        "node": ">=4"
      }
    },
    "node_modules/mime-db": {
      "version": "1.52.0",
      "resolved": "https://registry.npmjs.org/mime-db/-/mime-db-1.52.0.tgz",
      "integrity": "sha512-sPU4uV7dYlvtWdTwAPAWinocsn8OWdcifgpLXPR0RpSMXvr2qn1burYxikG7So5GFJGOKS2MBAphrSSGhasCCA==",
      "license": "MIT",
      "engines": {
        "node": ">= 0.6"
      }
    },
    "node_modules/mime-types": {
      "version": "2.1.35",
      "resolved": "https://registry.npmjs.org/mime-types/-/mime-types-2.1.35.tgz",
      "integrity": "sha512-ZDY+bPm5zTTF+YpCrAU9nK0UgICYPT0QtT1TTwH+CgLBloaPzOqsSMxl2B4d1TuywsPOUTUklytRFRbWROBgaA==",
      "license": "MIT",
      "dependencies": {
        "mime-db": "1.52.0"
      },
      "engines": {
        "node": ">= 0.6"
      }
    },
    "node_modules/ms": {
      "version": "2.0.0",
      "resolved": "https://registry.npmjs.org/ms/-/ms-2.0.0.tgz",
      "integrity": "sha512-Tpp60P6IUJDTuOq/5Z8cdskzJyrtritMU4PPDa3RvexQEBcoSPNZaIsb9q0sCiOcqiFFJSE4bCMAoqmj79pbL4w==",
      "license": "MIT"
    },
    "node_modules/negotiator": {
      "version": "0.6.3",
      "resolved": "https://registry.npmjs.org/negotiator/-/negotiator-0.6.3.tgz",
      "integrity": "sha512-+EUsqGPLsM+j/EAqCbb7SBm4elGWhrGPakB4ZPFKU1AnJYKzrY/rv5M5ukz2tu3WBr7Gmm/zo3mq8mBGl36owA==",
      "license": "MIT",
      "engines": {
        "node": ">= 0.6"
      }
    },
    "node_modules/object-inspect": {
      "version": "1.13.1",
      "resolved": "https://registry.npmjs.org/object-inspect/-/object-inspect-1.13.1.tgz",
      "integrity": "sha512-5qoj1RUiKOMs8VwAwH3+0FRvHX+jda710szdaeI53eASuBGo+b1yI2XjClxI6aNqsIBs4iGpqdEXS4eDZwV5Lg==",
      "license": "MIT",
      "funding": {
        "url": "https://github.com/sponsors/ljharb"
      }
    },
    "node_modules/on-finished": {
      "version": "2.4.1",
      "resolved": "https://registry.npmjs.org/on-finished/-/on-finished-2.4.1.tgz",
      "integrity": "sha512-oVlzkg3ENMNrE7S+sa3f060hSsUsoOLODaVb0V3HI4JpSADiWeAODsRCLVL2GkgGAJJSoJ9ot9V3ACVz/v7HwA==",
      "license": "MIT",
      "dependencies": {
        "ee-first": "1.1.1"
      },
      "engines": {
        "node": ">= 0.8"
      }
    },
    "node_modules/parseurl": {
      "version": "1.3.3",
      "resolved": "https://registry.npmjs.org/parseurl/-/parseurl-1.3.3.tgz",
      "integrity": "sha512-CjzvcfsqSSFfFsCFxZ9Sqf4yQARLdegEZ/Ka2MYOXaUaDw1SYWEss+/s32TQ54GzS1MCeV6rigidMGCkRUoofw==",
      "license": "MIT",
      "engines": {
        "node": ">= 0.8"
      }
    },
    "node_modules/path-to-regexp": {
      "version": "0.1.7",
      "resolved": "https://registry.npmjs.org/path-to-regexp/-/path-to-regexp-0.1.7.tgz",
      "integrity": "sha512-5DF6eABi7dfeA/xLde2p/hI1ML/Gjga2lB4QzlHrF32S/thAmCpBjC7xYpU2yU3y6eS2y5f3U6z+1z5V1tLA9g==",
      "license": "MIT"
    },
    "node_modules/proxy-addr": {
      "version": "2.0.7",
      "resolved": "https://registry.npmjs.org/proxy-addr/-/proxy-addr-2.0.7.tgz",
      "integrity": "sha512-llQsMLSUDUPT44jdrUa3fgCSjtdM9n9a4cBJ/GTrrG9fO82qO3iQg2a/23z1IF33ZvBvORZHAxAU6L1D9n9y9g==",
      "license": "MIT",
      "dependencies": {
        "forwarded": "0.2.0",
        "ipaddr.js": "1.9.1"
      },
      "engines": {
        "node": ">= 0.10"
      }
    },
    "node_modules/qs": {
      "version": "6.11.0",
      "resolved": "https://registry.npmjs.org/qs/-/qs-6.11.0.tgz",
      "integrity": "sha512-MvjoMCJwEarSbUYk5O+nmoSzSutSsTwF85zcHPQ9OrK+MGINUR4A1u39vE2i1sNX0i+MhwKYp9rcIQpI8KatvA==",
      "license": "BSD-3-Clause",
      "dependencies": {
        "side-channel": "^1.0.4"
      },
      "engines": {
        "node": ">=0.6"
      },
      "funding": {
        "url": "https://github.com/sponsors/ljharb"
      }
    },
    "node_modules/range-parser": {
      "version": "1.2.1",
      "resolved": "https://registry.npmjs.org/range-parser/-/range-parser-1.2.1.tgz",
      "integrity": "sha512-Hrgsx+orqoygn9bCDbVb6/7EaSO2Eyaz5+835+g9s7gjrCbq8C4zNF6J/2yBY4RQsIlU+N2heHglvmOL1An/Gg==",
      "license": "MIT",
      "engines": {
        "node": ">= 0.6"
      }
    },
    "node_modules/raw-body": {
      "version": "2.5.2",
      "resolved": "https://registry.npmjs.org/raw-body/-/raw-body-2.5.2.tgz",
      "integrity": "sha512-8vxJexhD3NXt6xjJEJ/2hd8nZl2t9yEwL1h42iRiDar6FpxeT8/9sHBlAjzQQLs3IeUgrTddlDGuG1dG4y3s2w==",
      "license": "MIT",
      "dependencies": {
        "bytes": "3.1.2",
        "http-errors": "2.0.0",
        "iconv-lite": "0.4.24",
        "unpipe": "1.0.0"
      },
      "engines": {
        "node": ">= 0.8"
      }
    },
    "node_modules/safe-buffer": {
      "version": "5.2.1",
      "resolved": "https://registry.npmjs.org/safe-buffer/-/safe-buffer-5.2.1.tgz",
      "integrity": "sha512-rp3So07KcdmmKbGvgaNxQSJr7bGVSGfup9qkvA4rowTaLNCDGtMG1QS0Y+ns9CAuyKci2Qd42fs70IK8Sci1wg==",
      "license": "MIT",
      "funding": [
        {
          "type": "github",
          "url": "https://github.com/sponsors/feross"
        },
        {
          "type": "patreon",
          "url": "https://www.patreon.com/feross"
        },
        {
          "type": "consulting",
          "url": "https://feross.org/support"
        }
      ]
    },
    "node_modules/safer-buffer": {
      "version": "2.1.2",
      "resolved": "https://registry.npmjs.org/safer-buffer/-/safer-buffer-2.1.2.tgz",
      "integrity": "sha512-YZo3K82SD7Riyi0E1EQPojLz7kpepnSQI9bVyU1GwhueHZ4so72_itFNsJoEdkKytIaqFlwoLZEGTT2Csq4k0Q==",
      "license": "MIT"
    },
    "node_modules/send": {
      "version": "0.18.0",
      "resolved": "https://registry.npmjs.org/send/-/send-0.18.0.tgz",
      "integrity": "sha512-qqWzuFiaBAljT5vPHiA+6fW54b3ze/V28naJd1c7LAnA6OaC2osve8eB34B2n2eK9REp+jI1eBCkzs0p3Ky1iA==",
      "license": "MIT",
      "dependencies": {
        "debug": "2.6.9",
        "depd": "2.0.0",
        "destroy": "1.2.0",
        "encodeurl": "~1.0.2",
        "escape-html": "~1.0.3",
        "etag": "~1.8.1",
        "fresh": "0.5.2",
        "http-errors": "2.0.0",
        "mime": "1.6.0",
        "ms": "2.1.3",
        "on-finished": "2.4.1",
        "range-parser": "~1.2.1",
        "statuses": "2.0.1"
      },
      "engines": {
        "node": ">= 0.8.0"
      }
    },
    "node_modules/send/node_modules/ms": {
      "version": "2.1.3",
      "resolved": "https://registry.npmjs.org/ms/-/ms-2.1.3.tgz",
      "integrity": "sha512-tgp+dl5cGk28utYktBsrFqA7vDy3f4PfeSk2fiJbcoisILtzSoa8DIab3pDkCrmZN/bmMIWEveB3PS/QMvS8+Q==",
      "license": "MIT"
    },
    "node_modules/serve-static": {
      "version": "1.15.0",
      "resolved": "https://registry.npmjs.org/serve-static/-/serve-static-1.15.0.tgz",
      "integrity": "sha512-zTAiNf3tPAv6T0as+lBCcHGx3yA0F2I+9+dEuLwf4QZlEDn3l2a7s2pfrCUr6veBaw6tL4yWyWcclcQJg/5gLg==",
      "license": "MIT",
      "dependencies": {
        "encodeurl": "~1.0.2",
        "escape-html": "~1.0.3",
        "parseurl": "~1.3.3",
        "send": "0.18.0"
      },
      "engines": {
        "node": ">= 0.8.0"
      }
    },
    "node_modules/set-function-length": {
      "version": "1.2.2",
      "resolved": "https://registry.npmjs.org/set-function-length/-/set-function-length-1.2.2.tgz",
      "integrity": "sha512-lE6A/3Gv2P34/L12s3aT2xV0n2+Y+s5x8W3/y1aIm6SY3s2Bf4XBEB97lP5YGbId3n9ySmPksb2p5I+w5Ie7JA==",
      "license": "MIT",
      "dependencies": {
        "define-data-property": "^1.1.4",
        "get-intrinsic": "^1.2.4",
        "has-property-descriptors": "^1.0.2"
      },
      "engines": {
        "node": ">= 0.4"
      }
    },
    "node_modules/setprototypeof": {
      "version": "1.2.0",
      "resolved": "https://registry.npmjs.org/setprototypeof/-/setprototypeof-1.2.0.tgz",
      "integrity": "sha512-vE9B3fCjIe4Gfi8pPo20gpLwHoAJlVL1BTK3Sj-K0wASSv4OahjyaeWSHmGEguA9cOPGF5cDLg3zaZF51IO4Ow==",
      "license": "ISC"
    },
    "node_modules/side-channel": {
      "version": "1.0.6",
      "resolved": "https://registry.npmjs.org/side-channel/-/side-channel-1.0.6.tgz",
      "integrity": "sha512-f+AR+Un5J7M3gNn9Tcf3T9yHk2a5vF2TpbNDiM9A2TfDOKv+5sC9Harcp/9obP+J65b9z03yIMh8le8n83tAkg==",
      "license": "MIT",
      "dependencies": {
        "call-bind": "^1.0.5",
        "get-intrinsic": "^1.2.4",
        "object-inspect": "^1.13.1"
      },
      "engines": {
        "node": ">= 0.4"
      },
      "funding": {
        "url": "https://github.com/sponsors/ljharb"
      }
    },
    "node_modules/statuses": {
      "version": "2.0.1",
      "resolved": "https://registry.npmjs.org/statuses/-/statuses-2.0.1.tgz",
      "integrity": "sha512-l0J4M1b67LegL3RIgSt9gG212TrAyh6LDeQpFRl0e1eGHvxtG3mWAy1jV1vBzaacX9T50mK3BwBwPTe8pI8Epg==",
      "license": "MIT",
      "engines": {
        "node": ">= 0.8"
      }
    },
    "node_modules/toidentifier": {
      "version": "1.0.1",
      "resolved": "https://registry.npmjs.org/toidentifier/-/toidentifier-1.0.1.tgz",
      "integrity": "sha512-o+Gg2+2oKcFf/V3IeJ9Lh5WB7wJawM2X/yDeYjDQC0oW0xfx3wM/mC2j5sPUYLIpM1GJXUJt12vI8OtuEwHe0g==",
      "license": "MIT",
      "engines": {
        "node": ">=0.6"
      }
    },
    "node_modules/type-is": {
      "version": "1.6.18",
      "resolved": "https://registry.npmjs.org/type-is/-/type-is-1.6.18.tgz",
      "integrity": "sha512-TkRKr9sUTxEH8MdfuCSP7VizJgncII5byBt9R19YG1mAAA1eBksTDHRfSsc9mafDdk4Rkb/w4SEKA38b0N3xOQ==",
      "license": "MIT",
      "dependencies": {
        "media-typer": "0.3.0",
        "mime-types": "~2.1.24"
      },
      "engines": {
        "node": ">= 0.6"
      }
    },
    "node_modules/unpipe": {
      "version": "1.0.0",
      "resolved": "https://registry.npmjs.org/unpipe/-/unpipe-1.0.0.tgz",
      "integrity": "sha512-pjy2bYhSsufwWlKwPc+l42BfvP9clD5+NA/G/tDRVbgeIX2tLWh8W1KMWvL5afbe4zWvLe66HYiUic2DW9v2qw==",
      "license": "MIT",
      "engines": {
        "node": ">= 0.8"
      }
    },
    "node_modules/utils-flatten": {
      "version": "1.0.1",
      "resolved": "https://registry.npmjs.org/utils-flatten/-/utils-flatten-1.0.1.tgz",
      "integrity": "sha512-gBfFf1gq3hG524jBveA2w5xT223/m4fD0i46gZ22/oTf2T14eeRPAjIe7QWnUPE3S64oPmg5e4x3w==",
      "license": "MIT",
      "engines": {
        "node": ">= 0.10"
      }
    },
    "node_modules/vary": {
      "version": "1.1.2",
      "resolved": "https://registry.npmjs.org/vary/-/vary-1.1.2.tgz",
      "integrity": "sha512-BNGbWLfd0eUPab9x4TfPn+g+24XFM3trBeWkH1n9bCUq98gIinqlt8rI6n2V8oG6rR/q9MOUzCq2BIPQyB9+vA==",
      "license": "MIT",
      "engines": {
        "node": ">= 0.8"
      }
    }
  }
}
